
Microsoft Visual Studio Solution File, Format Version 12.00
# Visual Studio Version 17
VisualStudioVersion = 17.8.34330.188
MinimumVisualStudioVersion = 10.0.40219.1
Project("{FAE04EC0-301F-11D3-BF4B-00C04F79EFBC}") = "GA WriteLine Adam", "GA WriteLine Adam.csproj", "{06E930F1-E414-4AE7-BA8D-B2853A083C2F}"
EndProject
Global
	GlobalSection(SolutionConfigurationPlatforms) = preSolution
		Debug|Any CPU = Debug|Any CPU
		Release|Any CPU = Release|Any CPU
	EndGlobalSection
	GlobalSection(ProjectConfigurationPlatforms) = postSolution
		{06E930F1-E414-4AE7-BA8D-B2853A083C2F}.Debug|Any CPU.ActiveCfg = Debug|Any CPU
		{06E930F1-E414-4AE7-BA8D-B2853A083C2F}.Debug|Any CPU.Build.0 = Debug|Any CPU
		{06E930F1-E414-4AE7-BA8D-B2853A083C2F}.Release|Any CPU.ActiveCfg = Release|Any CPU
		{06E930F1-E414-4AE7-BA8D-B2853A083C2F}.Release|Any CPU.Build.0 = Release|Any CPU
	EndGlobalSection
	GlobalSection(SolutionProperties) = preSolution
		HideSolutionNode = FALSE
	EndGlobalSection
	GlobalSection(ExtensibilityGlobals) = postSolution
		SolutionGuid = {FB8E267F-1CCD-46FF-865A-565DC8BD0987}
	EndGlobalSection
EndGlobal
